
Microsoft Visual Studio Solution File, Format Version 12.00
# Visual Studio 14
VisualStudioVersion = 14.0.23107.0
MinimumVisualStudioVersion = 10.0.40219.1
Project("{2150E333-8FDC-42A3-9474-1A3956D46DE8}") = "01WCF入门", "01WCF入门", "{DDD11A06-7D81-47F8-BDC4-8B2DA1169A5B}"
EndProject
Project("{FAE04EC0-301F-11D3-BF4B-00C04F79EFBC}") = "WcfLib", "01WCF入门\WcfLib\WcfLib.csproj", "{BE24C933-C152-4BF2-9FB8-8247232A64A8}"
EndProject
Project("{FAE04EC0-301F-11D3-BF4B-00C04F79EFBC}") = "Client", "01WCF入门\Client\Client.csproj", "{4DFDB1EB-F9AB-47C3-BD3D-6FD7E0C51190}"
	ProjectSection(ProjectDependencies) = postProject
		{BE24C933-C152-4BF2-9FB8-8247232A64A8} = {BE24C933-C152-4BF2-9FB8-8247232A64A8}
	EndProjectSection
EndProject
Project("{2150E333-8FDC-42A3-9474-1A3956D46DE8}") = "02服务应用程序", "02服务应用程序", "{A33E32F4-2B3A-4078-99D4-C49C043E43DF}"
EndProject
Project("{FAE04EC0-301F-11D3-BF4B-00C04F79EFBC}") = "WcfApp", "02服务应用程序\WcfApp\WcfApp.csproj", "{08A3841F-6061-427F-8A9C-58FA1FFA0874}"
EndProject
Project("{FAE04EC0-301F-11D3-BF4B-00C04F79EFBC}") = "Client", "02服务应用程序\Client\Client.csproj", "{47A6D507-76C0-4AF7-804B-2AA56C2A7748}"
EndProject
Global
	GlobalSection(SolutionConfigurationPlatforms) = preSolution
		Debug|Any CPU = Debug|Any CPU
		Release|Any CPU = Release|Any CPU
	EndGlobalSection
	GlobalSection(ProjectConfigurationPlatforms) = postSolution
		{BE24C933-C152-4BF2-9FB8-8247232A64A8}.Debug|Any CPU.ActiveCfg = Debug|Any CPU
		{BE24C933-C152-4BF2-9FB8-8247232A64A8}.Debug|Any CPU.Build.0 = Debug|Any CPU
		{BE24C933-C152-4BF2-9FB8-8247232A64A8}.Release|Any CPU.ActiveCfg = Release|Any CPU
		{BE24C933-C152-4BF2-9FB8-8247232A64A8}.Release|Any CPU.Build.0 = Release|Any CPU
		{4DFDB1EB-F9AB-47C3-BD3D-6FD7E0C51190}.Debug|Any CPU.ActiveCfg = Debug|Any CPU
		{4DFDB1EB-F9AB-47C3-BD3D-6FD7E0C51190}.Debug|Any CPU.Build.0 = Debug|Any CPU
		{4DFDB1EB-F9AB-47C3-BD3D-6FD7E0C51190}.Release|Any CPU.ActiveCfg = Release|Any CPU
		{4DFDB1EB-F9AB-47C3-BD3D-6FD7E0C51190}.Release|Any CPU.Build.0 = Release|Any CPU
		{08A3841F-6061-427F-8A9C-58FA1FFA0874}.Debug|Any CPU.ActiveCfg = Debug|Any CPU
		{08A3841F-6061-427F-8A9C-58FA1FFA0874}.Debug|Any CPU.Build.0 = Debug|Any CPU
		{08A3841F-6061-427F-8A9C-58FA1FFA0874}.Release|Any CPU.ActiveCfg = Release|Any CPU
		{08A3841F-6061-427F-8A9C-58FA1FFA0874}.Release|Any CPU.Build.0 = Release|Any CPU
		{47A6D507-76C0-4AF7-804B-2AA56C2A7748}.Debug|Any CPU.ActiveCfg = Debug|Any CPU
		{47A6D507-76C0-4AF7-804B-2AA56C2A7748}.Debug|Any CPU.Build.0 = Debug|Any CPU
		{47A6D507-76C0-4AF7-804B-2AA56C2A7748}.Release|Any CPU.ActiveCfg = Release|Any CPU
		{47A6D507-76C0-4AF7-804B-2AA56C2A7748}.Release|Any CPU.Build.0 = Release|Any CPU
	EndGlobalSection
	GlobalSection(SolutionProperties) = preSolution
		HideSolutionNode = FALSE
	EndGlobalSection
	GlobalSection(NestedProjects) = preSolution
		{BE24C933-C152-4BF2-9FB8-8247232A64A8} = {DDD11A06-7D81-47F8-BDC4-8B2DA1169A5B}
		{4DFDB1EB-F9AB-47C3-BD3D-6FD7E0C51190} = {DDD11A06-7D81-47F8-BDC4-8B2DA1169A5B}
		{08A3841F-6061-427F-8A9C-58FA1FFA0874} = {A33E32F4-2B3A-4078-99D4-C49C043E43DF}
		{47A6D507-76C0-4AF7-804B-2AA56C2A7748} = {A33E32F4-2B3A-4078-99D4-C49C043E43DF}
	EndGlobalSection
EndGlobal
